// !$*UTF8*$!
{
	archiveVersion = 1;
	classes = {
	};
	objectVersion = 46;
	objects = {

/* Begin PBXBuildFile section */
		EC45200F1F3F30D30073BC84 /* MHNetworking.h in Headers */ = {isa = PBXBuildFile; fileRef = EC45200D1F3F30D30073BC84 /* MHNetworking.h */; settings = {ATTRIBUTES = (Public, ); }; };
		EC4520171F3F31070073BC84 /* MHNURLRequest.h in Headers */ = {isa = PBXBuildFile; fileRef = EC4520151F3F31070073BC84 /* MHNURLRequest.h */; };
		EC4520181F3F31070073BC84 /* MHNURLRequest.m in Sources */ = {isa = PBXBuildFile; fileRef = EC4520161F3F31070073BC84 /* MHNURLRequest.m */; };
		EC45201B1F3F705D0073BC84 /* MHNResponseBodyParser.h in Headers */ = {isa = PBXBuildFile; fileRef = EC4520191F3F705D0073BC84 /* MHNResponseBodyParser.h */; };
		EC45201C1F3F705D0073BC84 /* MHNResponseBodyParser.m in Sources */ = {isa = PBXBuildFile; fileRef = EC45201A1F3F705D0073BC84 /* MHNResponseBodyParser.m */; };
		EC45201F1F3F7B4F0073BC84 /* MHNPlaintextResponseBodyParser.h in Headers */ = {isa = PBXBuildFile; fileRef = EC45201D1F3F7B4F0073BC84 /* MHNPlaintextResponseBodyParser.h */; };
		EC4520201F3F7B4F0073BC84 /* MHNPlaintextResponseBodyParser.m in Sources */ = {isa = PBXBuildFile; fileRef = EC45201E1F3F7B4F0073BC84 /* MHNPlaintextResponseBodyParser.m */; };
		EC4520231F3F90A70073BC84 /* MHNPrettyError.h in Headers */ = {isa = PBXBuildFile; fileRef = EC4520211F3F90A70073BC84 /* MHNPrettyError.h */; };
		EC4520241F3F90A70073BC84 /* MHNPrettyError.m in Sources */ = {isa = PBXBuildFile; fileRef = EC4520221F3F90A70073BC84 /* MHNPrettyError.m */; };
		EC4520271F3F90BC0073BC84 /* MHNInternalError.h in Headers */ = {isa = PBXBuildFile; fileRef = EC4520251F3F90BC0073BC84 /* MHNInternalError.h */; };
		EC4520281F3F90BC0073BC84 /* MHNInternalError.m in Sources */ = {isa = PBXBuildFile; fileRef = EC4520261F3F90BC0073BC84 /* MHNInternalError.m */; };
		EC45202B1F3FD2C50073BC84 /* MHNCodable.h in Headers */ = {isa = PBXBuildFile; fileRef = EC4520291F3FD2C50073BC84 /* MHNCodable.h */; };
		EC45202C1F3FD2C50073BC84 /* MHNCodable.m in Sources */ = {isa = PBXBuildFile; fileRef = EC45202A1F3FD2C50073BC84 /* MHNCodable.m */; };
		EC45202F1F3FD4FE0073BC84 /* MHNStreamWriter.h in Headers */ = {isa = PBXBuildFile; fileRef = EC45202D1F3FD4FE0073BC84 /* MHNStreamWriter.h */; };
		EC4520301F3FD4FE0073BC84 /* MHNStreamWriter.m in Sources */ = {isa = PBXBuildFile; fileRef = EC45202E1F3FD4FE0073BC84 /* MHNStreamWriter.m */; };
		EC4520331F3FD6B60073BC84 /* MHNJSONStreamWriter.h in Headers */ = {isa = PBXBuildFile; fileRef = EC4520311F3FD6B60073BC84 /* MHNJSONStreamWriter.h */; };
		EC4520341F3FD6B60073BC84 /* MHNJSONStreamWriter.m in Sources */ = {isa = PBXBuildFile; fileRef = EC4520321F3FD6B60073BC84 /* MHNJSONStreamWriter.m */; };
		EC4520371F3FDB1F0073BC84 /* MHNLogFacilityWrapper.h in Headers */ = {isa = PBXBuildFile; fileRef = EC4520351F3FDB1F0073BC84 /* MHNLogFacilityWrapper.h */; };
		EC4520381F3FDB1F0073BC84 /* MHNLogFacilityWrapper.m in Sources */ = {isa = PBXBuildFile; fileRef = EC4520361F3FDB1F0073BC84 /* MHNLogFacilityWrapper.m */; };
		EC45203B1F3FDCE50073BC84 /* libz.tbd in Frameworks */ = {isa = PBXBuildFile; fileRef = EC45203A1F3FDCE50073BC84 /* libz.tbd */; };
/* End PBXBuildFile section */

/* Begin PBXFileReference section */
		EC45200A1F3F30D30073BC84 /* MHNetworking.framework */ = {isa = PBXFileReference; explicitFileType = wrapper.framework; includeInIndex = 0; path = MHNetworking.framework; sourceTree = BUILT_PRODUCTS_DIR; };
		EC45200D1F3F30D30073BC84 /* MHNetworking.h */ = {isa = PBXFileReference; lastKnownFileType = sourcecode.c.h; path = MHNetworking.h; sourceTree = "<group>"; };
		EC45200E1F3F30D30073BC84 /* Info.plist */ = {isa = PBXFileReference; lastKnownFileType = text.plist.xml; path = Info.plist; sourceTree = "<group>"; };
		EC4520151F3F31070073BC84 /* MHNURLRequest.h */ = {isa = PBXFileReference; fileEncoding = 4; lastKnownFileType = sourcecode.c.h; path = MHNURLRequest.h; sourceTree = "<group>"; };
		EC4520161F3F31070073BC84 /* MHNURLRequest.m */ = {isa = PBXFileReference; fileEncoding = 4; lastKnownFileType = sourcecode.c.objc; path = MHNURLRequest.m; sourceTree = "<group>"; };
		EC4520191F3F705D0073BC84 /* MHNResponseBodyParser.h */ = {isa = PBXFileReference; fileEncoding = 4; lastKnownFileType = sourcecode.c.h; path = MHNResponseBodyParser.h; sourceTree = "<group>"; };
		EC45201A1F3F705D0073BC84 /* MHNResponseBodyParser.m */ = {isa = PBXFileReference; fileEncoding = 4; lastKnownFileType = sourcecode.c.objc; path = MHNResponseBodyParser.m; sourceTree = "<group>"; };
		EC45201D1F3F7B4F0073BC84 /* MHNPlaintextResponseBodyParser.h */ = {isa = PBXFileReference; fileEncoding = 4; lastKnownFileType = sourcecode.c.h; path = MHNPlaintextResponseBodyParser.h; sourceTree = "<group>"; };
		EC45201E1F3F7B4F0073BC84 /* MHNPlaintextResponseBodyParser.m */ = {isa = PBXFileReference; fileEncoding = 4; lastKnownFileType = sourcecode.c.objc; path = MHNPlaintextResponseBodyParser.m; sourceTree = "<group>"; };
		EC4520211F3F90A70073BC84 /* MHNPrettyError.h */ = {isa = PBXFileReference; fileEncoding = 4; lastKnownFileType = sourcecode.c.h; path = MHNPrettyError.h; sourceTree = "<group>"; };
		EC4520221F3F90A70073BC84 /* MHNPrettyError.m */ = {isa = PBXFileReference; fileEncoding = 4; lastKnownFileType = sourcecode.c.objc; path = MHNPrettyError.m; sourceTree = "<group>"; };
		EC4520251F3F90BC0073BC84 /* MHNInternalError.h */ = {isa = PBXFileReference; fileEncoding = 4; lastKnownFileType = sourcecode.c.h; path = MHNInternalError.h; sourceTree = "<group>"; };
		EC4520261F3F90BC0073BC84 /* MHNInternalError.m */ = {isa = PBXFileReference; fileEncoding = 4; lastKnownFileType = sourcecode.c.objc; path = MHNInternalError.m; sourceTree = "<group>"; };
		EC4520291F3FD2C50073BC84 /* MHNCodable.h */ = {isa = PBXFileReference; fileEncoding = 4; lastKnownFileType = sourcecode.c.h; path = MHNCodable.h; sourceTree = "<group>"; };
		EC45202A1F3FD2C50073BC84 /* MHNCodable.m */ = {isa = PBXFileReference; fileEncoding = 4; lastKnownFileType = sourcecode.c.objc; path = MHNCodable.m; sourceTree = "<group>"; };
		EC45202D1F3FD4FE0073BC84 /* MHNStreamWriter.h */ = {isa = PBXFileReference; fileEncoding = 4; lastKnownFileType = sourcecode.c.h; path = MHNStreamWriter.h; sourceTree = "<group>"; };
		EC45202E1F3FD4FE0073BC84 /* MHNStreamWriter.m */ = {isa = PBXFileReference; fileEncoding = 4; lastKnownFileType = sourcecode.c.objc; path = MHNStreamWriter.m; sourceTree = "<group>"; };
		EC4520311F3FD6B60073BC84 /* MHNJSONStreamWriter.h */ = {isa = PBXFileReference; fileEncoding = 4; lastKnownFileType = sourcecode.c.h; path = MHNJSONStreamWriter.h; sourceTree = "<group>"; };
		EC4520321F3FD6B60073BC84 /* MHNJSONStreamWriter.m */ = {isa = PBXFileReference; fileEncoding = 4; lastKnownFileType = sourcecode.c.objc; path = MHNJSONStreamWriter.m; sourceTree = "<group>"; };
		EC4520351F3FDB1F0073BC84 /* MHNLogFacilityWrapper.h */ = {isa = PBXFileReference; fileEncoding = 4; lastKnownFileType = sourcecode.c.h; path = MHNLogFacilityWrapper.h; sourceTree = "<group>"; };
		EC4520361F3FDB1F0073BC84 /* MHNLogFacilityWrapper.m */ = {isa = PBXFileReference; fileEncoding = 4; lastKnownFileType = sourcecode.c.objc; path = MHNLogFacilityWrapper.m; sourceTree = "<group>"; };
		EC45203A1F3FDCE50073BC84 /* libz.tbd */ = {isa = PBXFileReference; lastKnownFileType = "sourcecode.text-based-dylib-definition"; name = libz.tbd; path = usr/lib/libz.tbd; sourceTree = SDKROOT; };
		EC45203C1F3FDCF70073BC84 /* libbz2.tbd */ = {isa = PBXFileReference; lastKnownFileType = "sourcecode.text-based-dylib-definition"; name = libbz2.tbd; path = usr/lib/libbz2.tbd; sourceTree = SDKROOT; };
/* End PBXFileReference section */

/* Begin PBXFrameworksBuildPhase section */
		EC4520061F3F30D30073BC84 /* Frameworks */ = {
			isa = PBXFrameworksBuildPhase;
			buildActionMask = 2147483647;
			files = (
				EC45203B1F3FDCE50073BC84 /* libz.tbd in Frameworks */,
			);
			runOnlyForDeploymentPostprocessing = 0;
		};
/* End PBXFrameworksBuildPhase section */

/* Begin PBXGroup section */
		EC4520001F3F30D30073BC84 = {
			isa = PBXGroup;
			children = (
				EC45200C1F3F30D30073BC84 /* MHNetworking */,
				EC45200B1F3F30D30073BC84 /* Products */,
				EC4520391F3FDCE50073BC84 /* Frameworks */,
			);
			sourceTree = "<group>";
		};
		EC45200B1F3F30D30073BC84 /* Products */ = {
			isa = PBXGroup;
			children = (
				EC45200A1F3F30D30073BC84 /* MHNetworking.framework */,
			);
			name = Products;
			sourceTree = "<group>";
		};
		EC45200C1F3F30D30073BC84 /* MHNetworking */ = {
			isa = PBXGroup;
			children = (
				EC45200D1F3F30D30073BC84 /* MHNetworking.h */,
				EC45200E1F3F30D30073BC84 /* Info.plist */,
				EC4520151F3F31070073BC84 /* MHNURLRequest.h */,
				EC4520161F3F31070073BC84 /* MHNURLRequest.m */,
				EC4520191F3F705D0073BC84 /* MHNResponseBodyParser.h */,
				EC45201A1F3F705D0073BC84 /* MHNResponseBodyParser.m */,
				EC45201D1F3F7B4F0073BC84 /* MHNPlaintextResponseBodyParser.h */,
				EC45201E1F3F7B4F0073BC84 /* MHNPlaintextResponseBodyParser.m */,
				EC4520211F3F90A70073BC84 /* MHNPrettyError.h */,
				EC4520221F3F90A70073BC84 /* MHNPrettyError.m */,
				EC4520251F3F90BC0073BC84 /* MHNInternalError.h */,
				EC4520261F3F90BC0073BC84 /* MHNInternalError.m */,
				EC4520291F3FD2C50073BC84 /* MHNCodable.h */,
				EC45202A1F3FD2C50073BC84 /* MHNCodable.m */,
				EC45202D1F3FD4FE0073BC84 /* MHNStreamWriter.h */,
				EC45202E1F3FD4FE0073BC84 /* MHNStreamWriter.m */,
				EC4520311F3FD6B60073BC84 /* MHNJSONStreamWriter.h */,
				EC4520321F3FD6B60073BC84 /* MHNJSONStreamWriter.m */,
				EC4520351F3FDB1F0073BC84 /* MHNLogFacilityWrapper.h */,
				EC4520361F3FDB1F0073BC84 /* MHNLogFacilityWrapper.m */,
			);
			path = MHNetworking;
			sourceTree = "<group>";
		};
		EC4520391F3FDCE50073BC84 /* Frameworks */ = {
			isa = PBXGroup;
			children = (
				EC45203C1F3FDCF70073BC84 /* libbz2.tbd */,
				EC45203A1F3FDCE50073BC84 /* libz.tbd */,
			);
			name = Frameworks;
			sourceTree = "<group>";
		};
/* End PBXGroup section */

/* Begin PBXHeadersBuildPhase section */
		EC4520071F3F30D30073BC84 /* Headers */ = {
			isa = PBXHeadersBuildPhase;
			buildActionMask = 2147483647;
			files = (
				EC45201F1F3F7B4F0073BC84 /* MHNPlaintextResponseBodyParser.h in Headers */,
				EC4520171F3F31070073BC84 /* MHNURLRequest.h in Headers */,
				EC4520271F3F90BC0073BC84 /* MHNInternalError.h in Headers */,
				EC45202F1F3FD4FE0073BC84 /* MHNStreamWriter.h in Headers */,
				EC45201B1F3F705D0073BC84 /* MHNResponseBodyParser.h in Headers */,
				EC45202B1F3FD2C50073BC84 /* MHNCodable.h in Headers */,
				EC4520371F3FDB1F0073BC84 /* MHNLogFacilityWrapper.h in Headers */,
				EC4520231F3F90A70073BC84 /* MHNPrettyError.h in Headers */,
				EC45200F1F3F30D30073BC84 /* MHNetworking.h in Headers */,
				EC4520331F3FD6B60073BC84 /* MHNJSONStreamWriter.h in Headers */,
			);
			runOnlyForDeploymentPostprocessing = 0;
		};
/* End PBXHeadersBuildPhase section */

/* Begin PBXNativeTarget section */
		EC4520091F3F30D30073BC84 /* MHNetworking */ = {
			isa = PBXNativeTarget;
			buildConfigurationList = EC4520121F3F30D30073BC84 /* Build configuration list for PBXNativeTarget "MHNetworking" */;
			buildPhases = (
				EC4520051F3F30D30073BC84 /* Sources */,
				EC4520061F3F30D30073BC84 /* Frameworks */,
				EC4520071F3F30D30073BC84 /* Headers */,
				EC4520081F3F30D30073BC84 /* Resources */,
			);
			buildRules = (
			);
			dependencies = (
			);
			name = MHNetworking;
			productName = MHNetworking;
			productReference = EC45200A1F3F30D30073BC84 /* MHNetworking.framework */;
			productType = "com.apple.product-type.framework";
		};
/* End PBXNativeTarget section */

/* Begin PBXProject section */
		EC4520011F3F30D30073BC84 /* Project object */ = {
			isa = PBXProject;
			attributes = {
				LastUpgradeCheck = 0830;
				ORGANIZATIONNAME = "Malcolm Hall";
				TargetAttributes = {
					EC4520091F3F30D30073BC84 = {
						CreatedOnToolsVersion = 8.3.3;
						DevelopmentTeam = HUK6B7UUU2;
						ProvisioningStyle = Automatic;
					};
				};
			};
			buildConfigurationList = EC4520041F3F30D30073BC84 /* Build configuration list for PBXProject "MHNetworking" */;
			compatibilityVersion = "Xcode 3.2";
			developmentRegion = English;
			hasScannedForEncodings = 0;
			knownRegions = (
				en,
			);
			mainGroup = EC4520001F3F30D30073BC84;
			productRefGroup = EC45200B1F3F30D30073BC84 /* Products */;
			projectDirPath = "";
			projectRoot = "";
			targets = (
				EC4520091F3F30D30073BC84 /* MHNetworking */,
			);
		};
/* End PBXProject section */

/* Begin PBXResourcesBuildPhase section */
		EC4520081F3F30D30073BC84 /* Resources */ = {
			isa = PBXResourcesBuildPhase;
			buildActionMask = 2147483647;
			files = (
			);
			runOnlyForDeploymentPostprocessing = 0;
		};
/* End PBXResourcesBuildPhase section */

/* Begin PBXSourcesBuildPhase section */
		EC4520051F3F30D30073BC84 /* Sources */ = {
			isa = PBXSourcesBuildPhase;
			buildActionMask = 2147483647;
			files = (
				EC4520301F3FD4FE0073BC84 /* MHNStreamWriter.m in Sources */,
				EC45202C1F3FD2C50073BC84 /* MHNCodable.m in Sources */,
				EC4520241F3F90A70073BC84 /* MHNPrettyError.m in Sources */,
				EC4520381F3FDB1F0073BC84 /* MHNLogFacilityWrapper.m in Sources */,
				EC4520181F3F31070073BC84 /* MHNURLRequest.m in Sources */,
				EC4520201F3F7B4F0073BC84 /* MHNPlaintextResponseBodyParser.m in Sources */,
				EC4520281F3F90BC0073BC84 /* MHNInternalError.m in Sources */,
				EC4520341F3FD6B60073BC84 /* MHNJSONStreamWriter.m in Sources */,
				EC45201C1F3F705D0073BC84 /* MHNResponseBodyParser.m in Sources */,
			);
			runOnlyForDeploymentPostprocessing = 0;
		};
/* End PBXSourcesBuildPhase section */

/* Begin XCBuildConfiguration section */
		EC4520101F3F30D30073BC84 /* Debug */ = {
			isa = XCBuildConfiguration;
			buildSettings = {
				ALWAYS_SEARCH_USER_PATHS = NO;
				CLANG_ANALYZER_NONNULL = YES;
				CLANG_ANALYZER_NUMBER_OBJECT_CONVERSION = YES_AGGRESSIVE;
				CLANG_CXX_LANGUAGE_STANDARD = "gnu++0x";
				CLANG_CXX_LIBRARY = "libc++";
				CLANG_ENABLE_MODULES = YES;
				CLANG_ENABLE_OBJC_ARC = YES;
				CLANG_WARN_BOOL_CONVERSION = YES;
				CLANG_WARN_CONSTANT_CONVERSION = YES;
				CLANG_WARN_DIRECT_OBJC_ISA_USAGE = YES_ERROR;
				CLANG_WARN_DOCUMENTATION_COMMENTS = YES;
				CLANG_WARN_EMPTY_BODY = YES;
				CLANG_WARN_ENUM_CONVERSION = YES;
				CLANG_WARN_INFINITE_RECURSION = YES;
				CLANG_WARN_INT_CONVERSION = YES;
				CLANG_WARN_OBJC_ROOT_CLASS = YES_ERROR;
				CLANG_WARN_SUSPICIOUS_MOVE = YES;
				CLANG_WARN_UNREACHABLE_CODE = YES;
				CLANG_WARN__DUPLICATE_METHOD_MATCH = YES;
				"CODE_SIGN_IDENTITY[sdk=iphoneos*]" = "iPhone Developer";
				COPY_PHASE_STRIP = NO;
				CURRENT_PROJECT_VERSION = 1;
				DEBUG_INFORMATION_FORMAT = dwarf;
				ENABLE_STRICT_OBJC_MSGSEND = YES;
				ENABLE_TESTABILITY = YES;
				GCC_C_LANGUAGE_STANDARD = gnu99;
				GCC_DYNAMIC_NO_PIC = NO;
				GCC_NO_COMMON_BLOCKS = YES;
				GCC_OPTIMIZATION_LEVEL = 0;
				GCC_PREPROCESSOR_DEFINITIONS = (
					"DEBUG=1",
					"$(inherited)",
				);
				GCC_WARN_64_TO_32_BIT_CONVERSION = YES;
				GCC_WARN_ABOUT_RETURN_TYPE = YES_ERROR;
				GCC_WARN_UNDECLARED_SELECTOR = YES;
				GCC_WARN_UNINITIALIZED_AUTOS = YES_AGGRESSIVE;
				GCC_WARN_UNUSED_FUNCTION = YES;
				GCC_WARN_UNUSED_VARIABLE = YES;
				IPHONEOS_DEPLOYMENT_TARGET = 10.3;
				MTL_ENABLE_DEBUG_INFO = YES;
				ONLY_ACTIVE_ARCH = YES;
				SDKROOT = iphoneos;
				TARGETED_DEVICE_FAMILY = "1,2";
				VERSIONING_SYSTEM = "apple-generic";
				VERSION_INFO_PREFIX = "";
			};
			name = Debug;
		};
		EC4520111F3F30D30073BC84 /* Release */ = {
			isa = XCBuildConfiguration;
			buildSettings = {
				ALWAYS_SEARCH_USER_PATHS = NO;
				CLANG_ANALYZER_NONNULL = YES;
				CLANG_ANALYZER_NUMBER_OBJECT_CONVERSION = YES_AGGRESSIVE;
				CLANG_CXX_LANGUAGE_STANDARD = "gnu++0x";
				CLANG_CXX_LIBRARY = "libc++";
				CLANG_ENABLE_MODULES = YES;
				CLANG_ENABLE_OBJC_ARC = YES;
				CLANG_WARN_BOOL_CONVERSION = YES;
				CLANG_WARN_CONSTANT_CONVERSION = YES;
				CLANG_WARN_DIRECT_OBJC_ISA_USAGE = YES_ERROR;
				CLANG_WARN_DOCUMENTATION_COMMENTS = YES;
				CLANG_WARN_EMPTY_BODY = YES;
				CLANG_WARN_ENUM_CONVERSION = YES;
				CLANG_WARN_INFINITE_RECURSION = YES;
				CLANG_WARN_INT_CONVERSION = YES;
				CLANG_WARN_OBJC_ROOT_CLASS = YES_ERROR;
				CLANG_WARN_SUSPICIOUS_MOVE = YES;
				CLANG_WARN_UNREACHABLE_CODE = YES;
				CLANG_WARN__DUPLICATE_METHOD_MATCH = YES;
				"CODE_SIGN_IDENTITY[sdk=iphoneos*]" = "iPhone Developer";
				COPY_PHASE_STRIP = NO;
				CURRENT_PROJECT_VERSION = 1;
				DEBUG_INFORMATION_FORMAT = "dwarf-with-dsym";
				ENABLE_NS_ASSERTIONS = NO;
				ENABLE_STRICT_OBJC_MSGSEND = YES;
				GCC_C_LANGUAGE_STANDARD = gnu99;
				GCC_NO_COMMON_BLOCKS = YES;
				GCC_WARN_64_TO_32_BIT_CONVERSION = YES;
				GCC_WARN_ABOUT_RETURN_TYPE = YES_ERROR;
				GCC_WARN_UNDECLARED_SELECTOR = YES;
				GCC_WARN_UNINITIALIZED_AUTOS = YES_AGGRESSIVE;
				GCC_WARN_UNUSED_FUNCTION = YES;
				GCC_WARN_UNUSED_VARIABLE = YES;
				IPHONEOS_DEPLOYMENT_TARGET = 10.3;
				MTL_ENABLE_DEBUG_INFO = NO;
				SDKROOT = iphoneos;
				TARGETED_DEVICE_FAMILY = "1,2";
				VALIDATE_PRODUCT = YES;
				VERSIONING_SYSTEM = "apple-generic";
				VERSION_INFO_PREFIX = "";
			};
			name = Release;
		};
		EC4520131F3F30D30073BC84 /* Debug */ = {
			isa = XCBuildConfiguration;
			buildSettings = {
				CODE_SIGN_IDENTITY = "";
				DEFINES_MODULE = YES;
				DEVELOPMENT_TEAM = HUK6B7UUU2;
				DYLIB_COMPATIBILITY_VERSION = 1;
				DYLIB_CURRENT_VERSION = 1;
				DYLIB_INSTALL_NAME_BASE = "@rpath";
				INFOPLIST_FILE = MHNetworking/Info.plist;
				INSTALL_PATH = "$(LOCAL_LIBRARY_DIR)/Frameworks";
				LD_RUNPATH_SEARCH_PATHS = "$(inherited) @executable_path/Frameworks @loader_path/Frameworks";
				PRODUCT_BUNDLE_IDENTIFIER = com.malhal.MHNetworking;
				PRODUCT_NAME = "$(TARGET_NAME)";
				SKIP_INSTALL = YES;
			};
			name = Debug;
		};
		EC4520141F3F30D30073BC84 /* Release */ = {
			isa = XCBuildConfiguration;
			buildSettings = {
				CODE_SIGN_IDENTITY = "";
				DEFINES_MODULE = YES;
				DEVELOPMENT_TEAM = HUK6B7UUU2;
				DYLIB_COMPATIBILITY_VERSION = 1;
				DYLIB_CURRENT_VERSION = 1;
				DYLIB_INSTALL_NAME_BASE = "@rpath";
				ENABLE_NS_ASSERTIONS = YES;
				INFOPLIST_FILE = MHNetworking/Info.plist;
				INSTALL_PATH = "$(LOCAL_LIBRARY_DIR)/Frameworks";
				LD_RUNPATH_SEARCH_PATHS = "$(inherited) @executable_path/Frameworks @loader_path/Frameworks";
				PRODUCT_BUNDLE_IDENTIFIER = com.malhal.MHNetworking;
				PRODUCT_NAME = "$(TARGET_NAME)";
				SKIP_INSTALL = YES;
			};
			name = Release;
		};
/* End XCBuildConfiguration section */

/* Begin XCConfigurationList section */
		EC4520041F3F30D30073BC84 /* Build configuration list for PBXProject "MHNetworking" */ = {
			isa = XCConfigurationList;
			buildConfigurations = (
				EC4520101F3F30D30073BC84 /* Debug */,
				EC4520111F3F30D30073BC84 /* Release */,
			);
			defaultConfigurationIsVisible = 0;
			defaultConfigurationName = Release;
		};
		EC4520121F3F30D30073BC84 /* Build configuration list for PBXNativeTarget "MHNetworking" */ = {
			isa = XCConfigurationList;
			buildConfigurations = (
				EC4520131F3F30D30073BC84 /* Debug */,
				EC4520141F3F30D30073BC84 /* Release */,
			);
			defaultConfigurationIsVisible = 0;
		};
/* End XCConfigurationList section */
	};
	rootObject = EC4520011F3F30D30073BC84 /* Project object */;
}
